schema: '2.0'
stages:
  data_ingestion:
    cmd: python src/data/data_ingestion.py
    deps:
    - path: src/data/data_ingestion.py
      hash: md5
      md5: 274db5e766ffef99a977d36088cb5ccf
      size: 1767
    params:
      params.yaml:
        data_ingestion.test_size: 0.5
    outs:
    - path: data/raw
      hash: md5
      md5: 7ad341ad617ec01fa90af6016eba2793.dir
      size: 2374
      nfiles: 2
  data_interim:
    cmd: python src/data/data_interim.py
    deps:
    - path: data/raw
      hash: md5
      md5: 7ad341ad617ec01fa90af6016eba2793.dir
      size: 2374
      nfiles: 2
    - path: src/data/data_interim.py
      hash: md5
      md5: fb2c1c9be4487ceb483f99090540eeac
      size: 1791
    outs:
    - path: data/interim
      hash: md5
      md5: d74b50128318354947e440f26155828d.dir
      size: 1879
      nfiles: 2
  features:
    cmd: python src/features/features.py
    deps:
    - path: data/interim
      hash: md5
      md5: d74b50128318354947e440f26155828d.dir
      size: 1879
      nfiles: 2
    - path: src/features/features.py
      hash: md5
      md5: c44e9c5b6411c665b7742961c5ff4187
      size: 2904
    params:
      params.yaml:
        features.n_components: 2
    outs:
    - path: data/processed
      hash: md5
      md5: beb425b0191d3c814d5b324f4f4743ed.dir
      size: 3065
      nfiles: 2
  model_building:
    cmd: python src/model/model_building.py
    deps:
    - path: data/interim
      hash: md5
      md5: d74b50128318354947e440f26155828d.dir
      size: 1879
      nfiles: 2
    - path: data/processed
      hash: md5
      md5: beb425b0191d3c814d5b324f4f4743ed.dir
      size: 3065
      nfiles: 2
    - path: src/model/model_building.py
      hash: md5
      md5: e405c85d5cc372a957a9d858695736d0
      size: 1921
    params:
      params.yaml:
        model_building.max_depth: 3
        model_building.min_samples_split: 2
        model_building.n_estimators: 50
    outs:
    - path: models/model.pkl
      hash: md5
      md5: 986f268a1f0b0a8d0f74c52fe7960d51
      size: 51887
  model_evaluation:
    cmd: python src/model/model_evalution.py
    deps:
    - path: data/interim
      hash: md5
      md5: d74b50128318354947e440f26155828d.dir
      size: 1879
      nfiles: 2
    - path: data/processed
      hash: md5
      md5: beb425b0191d3c814d5b324f4f4743ed.dir
      size: 3065
      nfiles: 2
    - path: models/model.pkl
      hash: md5
      md5: 986f268a1f0b0a8d0f74c52fe7960d51
      size: 51887
    - path: src/model/model_evalution.py
      hash: md5
      md5: 2d730f8212da3be397e09f200af7323c
      size: 2986
    outs:
    - path: reports/metrics.json
      hash: md5
      md5: 0789072c6fbcf8b7484754a7bcc41ebf
      size: 125
  model_register:
    cmd: python src/model/model_register.py
    deps:
    - path: data/processed
      hash: md5
      md5: beb425b0191d3c814d5b324f4f4743ed.dir
      size: 3065
      nfiles: 2
    - path: models/model.pkl
      hash: md5
      md5: 986f268a1f0b0a8d0f74c52fe7960d51
      size: 51887
    - path: reports/metrics.json
      hash: md5
      md5: 0789072c6fbcf8b7484754a7bcc41ebf
      size: 125
    - path: src/model/model_register.py
      hash: md5
      md5: 2a385dedb9509fa40faf5dd50b054ecf
      size: 2063
